
Microsoft Visual Studio Solution File, Format Version 11.00
# Visual Studio 2010
Project("{8BC9CEB8-8B4A-11D0-8D11-00A0C91BC942}") = "server", "server\server.vcxproj", "{B2454CA5-3B3C-412E-B95A-CB248FA37E54}"
EndProject
Project("{8BC9CEB8-8B4A-11D0-8D11-00A0C91BC942}") = "client", "client\client.vcxproj", "{31EE831A-E8E3-4F2F-BB19-CE0B33D03A6A}"
	ProjectSection(ProjectDependencies) = postProject
		{B2454CA5-3B3C-412E-B95A-CB248FA37E54} = {B2454CA5-3B3C-412E-B95A-CB248FA37E54}
	EndProjectSection
EndProject
Global
	GlobalSection(SolutionConfigurationPlatforms) = preSolution
		Debug|Win32 = Debug|Win32
		Release|Win32 = Release|Win32
	EndGlobalSection
	GlobalSection(ProjectConfigurationPlatforms) = postSolution
		{B2454CA5-3B3C-412E-B95A-CB248FA37E54}.Debug|Win32.ActiveCfg = Debug|Win32
		{B2454CA5-3B3C-412E-B95A-CB248FA37E54}.Debug|Win32.Build.0 = Debug|Win32
		{B2454CA5-3B3C-412E-B95A-CB248FA37E54}.Release|Win32.ActiveCfg = Release|Win32
		{B2454CA5-3B3C-412E-B95A-CB248FA37E54}.Release|Win32.Build.0 = Release|Win32
		{31EE831A-E8E3-4F2F-BB19-CE0B33D03A6A}.Debug|Win32.ActiveCfg = Debug|Win32
		{31EE831A-E8E3-4F2F-BB19-CE0B33D03A6A}.Debug|Win32.Build.0 = Debug|Win32
		{31EE831A-E8E3-4F2F-BB19-CE0B33D03A6A}.Release|Win32.ActiveCfg = Release|Win32
		{31EE831A-E8E3-4F2F-BB19-CE0B33D03A6A}.Release|Win32.Build.0 = Release|Win32
	EndGlobalSection
	GlobalSection(SolutionProperties) = preSolution
		HideSolutionNode = FALSE
	EndGlobalSection
EndGlobal
